
Microsoft Visual Studio Solution File, Format Version 12.00
# Visual Studio Version 16
VisualStudioVersion = 16.0.31129.286
MinimumVisualStudioVersion = 10.0.40219.1
Project("{FAE04EC0-301F-11D3-BF4B-00C04F79EFBC}") = "MikesBallonaPaloozaExtravaganziaStore", "MikesBallonaPaloozaExtravaganziaStore\MikesBallonaPaloozaExtravaganziaStore.csproj", "{191CEE98-EDC5-4AE0-B404-3BB4F45A80FD}"
EndProject
Global
	GlobalSection(SolutionConfigurationPlatforms) = preSolution
		Debug|Any CPU = Debug|Any CPU
		Release|Any CPU = Release|Any CPU
	EndGlobalSection
	GlobalSection(ProjectConfigurationPlatforms) = postSolution
		{191CEE98-EDC5-4AE0-B404-3BB4F45A80FD}.Debug|Any CPU.ActiveCfg = Debug|Any CPU
		{191CEE98-EDC5-4AE0-B404-3BB4F45A80FD}.Debug|Any CPU.Build.0 = Debug|Any CPU
		{191CEE98-EDC5-4AE0-B404-3BB4F45A80FD}.Release|Any CPU.ActiveCfg = Release|Any CPU
		{191CEE98-EDC5-4AE0-B404-3BB4F45A80FD}.Release|Any CPU.Build.0 = Release|Any CPU
	EndGlobalSection
	GlobalSection(SolutionProperties) = preSolution
		HideSolutionNode = FALSE
	EndGlobalSection
	GlobalSection(ExtensibilityGlobals) = postSolution
		SolutionGuid = {90DEBC02-F39B-4331-970E-FCEFAAE1ABB2}
	EndGlobalSection
EndGlobal
